
Microsoft Visual Studio Solution File, Format Version 12.00
# Visual Studio 15
VisualStudioVersion = 15.0.28307.168
MinimumVisualStudioVersion = 10.0.40219.1
Project("{FAE04EC0-301F-11D3-BF4B-00C04F79EFBC}") = "Homework_4.BLL", "Homework_4.BLL\Homework_4.BLL.csproj", "{465E258D-4816-41FA-BCBC-4D05EB360CBB}"
EndProject
Project("{FAE04EC0-301F-11D3-BF4B-00C04F79EFBC}") = "Homework_4.CUI", "Homework_4.CUI\Homework_4.CUI.csproj", "{0F67D209-41DF-46AB-BDA0-86D0E29F88D3}"
EndProject
Project("{FAE04EC0-301F-11D3-BF4B-00C04F79EFBC}") = "Homework_4.DTO", "Homework_4.DTO\Homework_4.DTO.csproj", "{8DDCB0F2-A759-4BBB-AC5E-FF21E34BE0FA}"
EndProject
Global
	GlobalSection(SolutionConfigurationPlatforms) = preSolution
		Debug|Any CPU = Debug|Any CPU
		Release|Any CPU = Release|Any CPU
	EndGlobalSection
	GlobalSection(ProjectConfigurationPlatforms) = postSolution
		{465E258D-4816-41FA-BCBC-4D05EB360CBB}.Debug|Any CPU.ActiveCfg = Debug|Any CPU
		{465E258D-4816-41FA-BCBC-4D05EB360CBB}.Debug|Any CPU.Build.0 = Debug|Any CPU
		{465E258D-4816-41FA-BCBC-4D05EB360CBB}.Release|Any CPU.ActiveCfg = Release|Any CPU
		{465E258D-4816-41FA-BCBC-4D05EB360CBB}.Release|Any CPU.Build.0 = Release|Any CPU
		{0F67D209-41DF-46AB-BDA0-86D0E29F88D3}.Debug|Any CPU.ActiveCfg = Debug|Any CPU
		{0F67D209-41DF-46AB-BDA0-86D0E29F88D3}.Debug|Any CPU.Build.0 = Debug|Any CPU
		{0F67D209-41DF-46AB-BDA0-86D0E29F88D3}.Release|Any CPU.ActiveCfg = Release|Any CPU
		{0F67D209-41DF-46AB-BDA0-86D0E29F88D3}.Release|Any CPU.Build.0 = Release|Any CPU
		{8DDCB0F2-A759-4BBB-AC5E-FF21E34BE0FA}.Debug|Any CPU.ActiveCfg = Debug|Any CPU
		{8DDCB0F2-A759-4BBB-AC5E-FF21E34BE0FA}.Debug|Any CPU.Build.0 = Debug|Any CPU
		{8DDCB0F2-A759-4BBB-AC5E-FF21E34BE0FA}.Release|Any CPU.ActiveCfg = Release|Any CPU
		{8DDCB0F2-A759-4BBB-AC5E-FF21E34BE0FA}.Release|Any CPU.Build.0 = Release|Any CPU
	EndGlobalSection
	GlobalSection(SolutionProperties) = preSolution
		HideSolutionNode = FALSE
	EndGlobalSection
	GlobalSection(ExtensibilityGlobals) = postSolution
		SolutionGuid = {3AC28B7F-6B30-4829-B5F4-2C20E3FB02E0}
	EndGlobalSection
EndGlobal
